
Microsoft Visual Studio Solution File, Format Version 12.00
# Visual Studio Version 17
VisualStudioVersion = 17.14.36915.13 d17.14
MinimumVisualStudioVersion = 10.0.40219.1
Project("{FAE04EC0-301F-11D3-BF4B-00C04F79EFBC}") = "SupplyHub.Web", "SupplyHub.Web\SupplyHub.Web.csproj", "{F9D0EFA1-D15E-432A-88B1-7C832DBBFF78}"
EndProject
Global
	GlobalSection(SolutionConfigurationPlatforms) = preSolution
		Debug|Any CPU = Debug|Any CPU
		Release|Any CPU = Release|Any CPU
	EndGlobalSection
	GlobalSection(ProjectConfigurationPlatforms) = postSolution
		{F9D0EFA1-D15E-432A-88B1-7C832DBBFF78}.Debug|Any CPU.ActiveCfg = Debug|Any CPU
		{F9D0EFA1-D15E-432A-88B1-7C832DBBFF78}.Debug|Any CPU.Build.0 = Debug|Any CPU
		{F9D0EFA1-D15E-432A-88B1-7C832DBBFF78}.Release|Any CPU.ActiveCfg = Release|Any CPU
		{F9D0EFA1-D15E-432A-88B1-7C832DBBFF78}.Release|Any CPU.Build.0 = Release|Any CPU
	EndGlobalSection
	GlobalSection(SolutionProperties) = preSolution
		HideSolutionNode = FALSE
	EndGlobalSection
	GlobalSection(ExtensibilityGlobals) = postSolution
		SolutionGuid = {7668E36D-7016-4CDB-BF47-C6294706F96E}
	EndGlobalSection
EndGlobal
